FORGE
  remote: http://forge.puppetlabs.com
  specs:
    puppetlabs/stdlib (4.1.0)

GIT
  remote: git://github.com/arioch/puppet-percona.git
  ref: master
  sha: cc4449dc16811181719f8502e7835c3af5865873
  specs:
    percona (0.0.1)

GIT
  remote: git://github.com/kasperisager/puppet-nginx.git
  ref: master
  sha: 557093a1ab0780cbca687788ee0d91bef68dc633
  specs:
    nginx (0.0.1)

GIT
  remote: git://github.com/puppetlabs/puppetlabs-apt.git
  ref: master
  sha: 18ee4cc6c9eb8d16becfec68254d8955eb10c7d5
  specs:
    apt (1.1.0)
      puppetlabs/stdlib (>= 2.2.1)

GIT
  remote: git://github.com/saz/puppet-php.git
  ref: master
  sha: 1f6ca01195d38ced5276b5e675d3cc5117018b83
  specs:
    php (1.1.0)

GIT
  remote: git://github.com/willdurand/puppet-composer.git
  ref: master
  sha: fd602dbed24bde0f013540b2e1ad9c09e7530c75
  specs:
    composer (0.0.4)

DEPENDENCIES
  apt (>= 0)
  composer (>= 0)
  nginx (>= 0)
  percona (>= 0)
  php (>= 0)

