# THIS IS AN AUTOGENERATED FILE. DO NOT EDIT THIS FILE DIRECTLY.
# yarn lockfile v1


vm-browserify@^1.1.0:
  version "1.1.0"
  resolved "https://registry.yarnpkg.com/vm-browserify/-/vm-browserify-1.1.0.tgz#bd76d6a23323e2ca8ffa12028dc04559c75f9019"
  integrity sha512-iq+S7vZJE60yejDYM0ek6zg308+UZsdtPExWP9VZoCFCz1zkJoXFnAX7aZfd/ZwrkidzdUZL0C/ryW+JwAiIGw==
