// !$*UTF8*$!
{
	archiveVersion = 1;
	classes = {
	};
	objectVersion = 48;
	objects = {

/* Begin PBXBuildFile section */
		C31E3B74216661D4006C70E8 /* AppDelegate.swift in Sources */ = {isa = PBXBuildFile; fileRef = C31E3B73216661D4006C70E8 /* AppDelegate.swift */; };
		C31E3B76216661D4006C70E8 /* ViewController.swift in Sources */ = {isa = PBXBuildFile; fileRef = C31E3B75216661D4006C70E8 /* ViewController.swift */; };
		C31E3B78216661D4006C70E8 /* Assets.xcassets in Resources */ = {isa = PBXBuildFile; fileRef = C31E3B77216661D4006C70E8 /* Assets.xcassets */; };
		C31E3B7B216661D4006C70E8 /* Main.storyboard in Resources */ = {isa = PBXBuildFile; fileRef = C31E3B79216661D4006C70E8 /* Main.storyboard */; };
		C31E3B87216661D4006C70E8 /* UniflowTests.swift in Sources */ = {isa = PBXBuildFile; fileRef = C31E3B86216661D4006C70E8 /* UniflowTests.swift */; };
		C31E3B92216661D4006C70E8 /* UniflowUITests.swift in Sources */ = {isa = PBXBuildFile; fileRef = C31E3B91216661D4006C70E8 /* UniflowUITests.swift */; };
/* End PBXBuildFile section */

/* Begin PBXContainerItemProxy section */
		C31E3B83216661D4006C70E8 /* PBXContainerItemProxy */ = {
			isa = PBXContainerItemProxy;
			containerPortal = C31E3B68216661D3006C70E8 /* Project object */;
			proxyType = 1;
			remoteGlobalIDString = C31E3B6F216661D3006C70E8;
			remoteInfo = Uniflow;
		};
		C31E3B8E216661D4006C70E8 /* PBXContainerItemProxy */ = {
			isa = PBXContainerItemProxy;
			containerPortal = C31E3B68216661D3006C70E8 /* Project object */;
			proxyType = 1;
			remoteGlobalIDString = C31E3B6F216661D3006C70E8;
			remoteInfo = Uniflow;
		};
/* End PBXContainerItemProxy section */

/* Begin PBXFileReference section */
		C31E3B70216661D4006C70E8 /* Uniflow.app */ = {isa = PBXFileReference; explicitFileType = wrapper.application; includeInIndex = 0; path = Uniflow.app; sourceTree = BUILT_PRODUCTS_DIR; };
		C31E3B73216661D4006C70E8 /* AppDelegate.swift */ = {isa = PBXFileReference; lastKnownFileType = sourcecode.swift; path = AppDelegate.swift; sourceTree = "<group>"; };
		C31E3B75216661D4006C70E8 /* ViewController.swift */ = {isa = PBXFileReference; lastKnownFileType = sourcecode.swift; path = ViewController.swift; sourceTree = "<group>"; };
		C31E3B77216661D4006C70E8 /* Assets.xcassets */ = {isa = PBXFileReference; lastKnownFileType = folder.assetcatalog; path = Assets.xcassets; sourceTree = "<group>"; };
		C31E3B7A216661D4006C70E8 /* Base */ = {isa = PBXFileReference; lastKnownFileType = file.storyboard; name = Base; path = Base.lproj/Main.storyboard; sourceTree = "<group>"; };
		C31E3B7C216661D4006C70E8 /* Info.plist */ = {isa = PBXFileReference; lastKnownFileType = text.plist.xml; path = Info.plist; sourceTree = "<group>"; };
		C31E3B7D216661D4006C70E8 /* Uniflow.entitlements */ = {isa = PBXFileReference; lastKnownFileType = text.plist.entitlements; path = Uniflow.entitlements; sourceTree = "<group>"; };
		C31E3B82216661D4006C70E8 /* UniflowTests.xctest */ = {isa = PBXFileReference; explicitFileType = wrapper.cfbundle; includeInIndex = 0; path = UniflowTests.xctest; sourceTree = BUILT_PRODUCTS_DIR; };
		C31E3B86216661D4006C70E8 /* UniflowTests.swift */ = {isa = PBXFileReference; lastKnownFileType = sourcecode.swift; path = UniflowTests.swift; sourceTree = "<group>"; };
		C31E3B88216661D4006C70E8 /* Info.plist */ = {isa = PBXFileReference; lastKnownFileType = text.plist.xml; path = Info.plist; sourceTree = "<group>"; };
		C31E3B8D216661D4006C70E8 /* UniflowUITests.xctest */ = {isa = PBXFileReference; explicitFileType = wrapper.cfbundle; includeInIndex = 0; path = UniflowUITests.xctest; sourceTree = BUILT_PRODUCTS_DIR; };
		C31E3B91216661D4006C70E8 /* UniflowUITests.swift */ = {isa = PBXFileReference; lastKnownFileType = sourcecode.swift; path = UniflowUITests.swift; sourceTree = "<group>"; };
		C31E3B93216661D4006C70E8 /* Info.plist */ = {isa = PBXFileReference; lastKnownFileType = text.plist.xml; path = Info.plist; sourceTree = "<group>"; };
/* End PBXFileReference section */

/* Begin PBXFrameworksBuildPhase section */
		C31E3B6D216661D3006C70E8 /* Frameworks */ = {
			isa = PBXFrameworksBuildPhase;
			buildActionMask = 2147483647;
			files = (
			);
			runOnlyForDeploymentPostprocessing = 0;
		};
		C31E3B7F216661D4006C70E8 /* Frameworks */ = {
			isa = PBXFrameworksBuildPhase;
			buildActionMask = 2147483647;
			files = (
			);
			runOnlyForDeploymentPostprocessing = 0;
		};
		C31E3B8A216661D4006C70E8 /* Frameworks */ = {
			isa = PBXFrameworksBuildPhase;
			buildActionMask = 2147483647;
			files = (
			);
			runOnlyForDeploymentPostprocessing = 0;
		};
/* End PBXFrameworksBuildPhase section */

/* Begin PBXGroup section */
		C31E3B67216661D3006C70E8 = {
			isa = PBXGroup;
			children = (
				C31E3B72216661D4006C70E8 /* Uniflow */,
				C31E3B85216661D4006C70E8 /* UniflowTests */,
				C31E3B90216661D4006C70E8 /* UniflowUITests */,
				C31E3B71216661D4006C70E8 /* Products */,
			);
			sourceTree = "<group>";
		};
		C31E3B71216661D4006C70E8 /* Products */ = {
			isa = PBXGroup;
			children = (
				C31E3B70216661D4006C70E8 /* Uniflow.app */,
				C31E3B82216661D4006C70E8 /* UniflowTests.xctest */,
				C31E3B8D216661D4006C70E8 /* UniflowUITests.xctest */,
			);
			name = Products;
			sourceTree = "<group>";
		};
		C31E3B72216661D4006C70E8 /* Uniflow */ = {
			isa = PBXGroup;
			children = (
				C31E3B73216661D4006C70E8 /* AppDelegate.swift */,
				C31E3B75216661D4006C70E8 /* ViewController.swift */,
				C31E3B77216661D4006C70E8 /* Assets.xcassets */,
				C31E3B79216661D4006C70E8 /* Main.storyboard */,
				C31E3B7C216661D4006C70E8 /* Info.plist */,
				C31E3B7D216661D4006C70E8 /* Uniflow.entitlements */,
			);
			path = Uniflow;
			sourceTree = "<group>";
		};
		C31E3B85216661D4006C70E8 /* UniflowTests */ = {
			isa = PBXGroup;
			children = (
				C31E3B86216661D4006C70E8 /* UniflowTests.swift */,
				C31E3B88216661D4006C70E8 /* Info.plist */,
			);
			path = UniflowTests;
			sourceTree = "<group>";
		};
		C31E3B90216661D4006C70E8 /* UniflowUITests */ = {
			isa = PBXGroup;
			children = (
				C31E3B91216661D4006C70E8 /* UniflowUITests.swift */,
				C31E3B93216661D4006C70E8 /* Info.plist */,
			);
			path = UniflowUITests;
			sourceTree = "<group>";
		};
/* End PBXGroup section */

/* Begin PBXNativeTarget section */
		C31E3B6F216661D3006C70E8 /* Uniflow */ = {
			isa = PBXNativeTarget;
			buildConfigurationList = C31E3B96216661D4006C70E8 /* Build configuration list for PBXNativeTarget "Uniflow" */;
			buildPhases = (
				C31E3B6C216661D3006C70E8 /* Sources */,
				C31E3B6D216661D3006C70E8 /* Frameworks */,
				C31E3B6E216661D3006C70E8 /* Resources */,
			);
			buildRules = (
			);
			dependencies = (
			);
			name = Uniflow;
			productName = Uniflow;
			productReference = C31E3B70216661D4006C70E8 /* Uniflow.app */;
			productType = "com.apple.product-type.application";
		};
		C31E3B81216661D4006C70E8 /* UniflowTests */ = {
			isa = PBXNativeTarget;
			buildConfigurationList = C31E3B99216661D4006C70E8 /* Build configuration list for PBXNativeTarget "UniflowTests" */;
			buildPhases = (
				C31E3B7E216661D4006C70E8 /* Sources */,
				C31E3B7F216661D4006C70E8 /* Frameworks */,
				C31E3B80216661D4006C70E8 /* Resources */,
			);
			buildRules = (
			);
			dependencies = (
				C31E3B84216661D4006C70E8 /* PBXTargetDependency */,
			);
			name = UniflowTests;
			productName = UniflowTests;
			productReference = C31E3B82216661D4006C70E8 /* UniflowTests.xctest */;
			productType = "com.apple.product-type.bundle.unit-test";
		};
		C31E3B8C216661D4006C70E8 /* UniflowUITests */ = {
			isa = PBXNativeTarget;
			buildConfigurationList = C31E3B9C216661D4006C70E8 /* Build configuration list for PBXNativeTarget "UniflowUITests" */;
			buildPhases = (
				C31E3B89216661D4006C70E8 /* Sources */,
				C31E3B8A216661D4006C70E8 /* Frameworks */,
				C31E3B8B216661D4006C70E8 /* Resources */,
			);
			buildRules = (
			);
			dependencies = (
				C31E3B8F216661D4006C70E8 /* PBXTargetDependency */,
			);
			name = UniflowUITests;
			productName = UniflowUITests;
			productReference = C31E3B8D216661D4006C70E8 /* UniflowUITests.xctest */;
			productType = "com.apple.product-type.bundle.ui-testing";
		};
/* End PBXNativeTarget section */

/* Begin PBXProject section */
		C31E3B68216661D3006C70E8 /* Project object */ = {
			isa = PBXProject;
			attributes = {
				LastSwiftUpdateCheck = 0900;
				LastUpgradeCheck = 0900;
				ORGANIZATIONNAME = "Mathieu Ledru";
				TargetAttributes = {
					C31E3B6F216661D3006C70E8 = {
						CreatedOnToolsVersion = 9.0.1;
						ProvisioningStyle = Automatic;
					};
					C31E3B81216661D4006C70E8 = {
						CreatedOnToolsVersion = 9.0.1;
						ProvisioningStyle = Automatic;
						TestTargetID = C31E3B6F216661D3006C70E8;
					};
					C31E3B8C216661D4006C70E8 = {
						CreatedOnToolsVersion = 9.0.1;
						ProvisioningStyle = Automatic;
						TestTargetID = C31E3B6F216661D3006C70E8;
					};
				};
			};
			buildConfigurationList = C31E3B6B216661D3006C70E8 /* Build configuration list for PBXProject "Uniflow" */;
			compatibilityVersion = "Xcode 8.0";
			developmentRegion = en;
			hasScannedForEncodings = 0;
			knownRegions = (
				en,
				Base,
			);
			mainGroup = C31E3B67216661D3006C70E8;
			productRefGroup = C31E3B71216661D4006C70E8 /* Products */;
			projectDirPath = "";
			projectRoot = "";
			targets = (
				C31E3B6F216661D3006C70E8 /* Uniflow */,
				C31E3B81216661D4006C70E8 /* UniflowTests */,
				C31E3B8C216661D4006C70E8 /* UniflowUITests */,
			);
		};
/* End PBXProject section */

/* Begin PBXResourcesBuildPhase section */
		C31E3B6E216661D3006C70E8 /* Resources */ = {
			isa = PBXResourcesBuildPhase;
			buildActionMask = 2147483647;
			files = (
				C31E3B78216661D4006C70E8 /* Assets.xcassets in Resources */,
				C31E3B7B216661D4006C70E8 /* Main.storyboard in Resources */,
			);
			runOnlyForDeploymentPostprocessing = 0;
		};
		C31E3B80216661D4006C70E8 /* Resources */ = {
			isa = PBXResourcesBuildPhase;
			buildActionMask = 2147483647;
			files = (
			);
			runOnlyForDeploymentPostprocessing = 0;
		};
		C31E3B8B216661D4006C70E8 /* Resources */ = {
			isa = PBXResourcesBuildPhase;
			buildActionMask = 2147483647;
			files = (
			);
			runOnlyForDeploymentPostprocessing = 0;
		};
/* End PBXResourcesBuildPhase section */

/* Begin PBXSourcesBuildPhase section */
		C31E3B6C216661D3006C70E8 /* Sources */ = {
			isa = PBXSourcesBuildPhase;
			buildActionMask = 2147483647;
			files = (
				C31E3B76216661D4006C70E8 /* ViewController.swift in Sources */,
				C31E3B74216661D4006C70E8 /* AppDelegate.swift in Sources */,
			);
			runOnlyForDeploymentPostprocessing = 0;
		};
		C31E3B7E216661D4006C70E8 /* Sources */ = {
			isa = PBXSourcesBuildPhase;
			buildActionMask = 2147483647;
			files = (
				C31E3B87216661D4006C70E8 /* UniflowTests.swift in Sources */,
			);
			runOnlyForDeploymentPostprocessing = 0;
		};
		C31E3B89216661D4006C70E8 /* Sources */ = {
			isa = PBXSourcesBuildPhase;
			buildActionMask = 2147483647;
			files = (
				C31E3B92216661D4006C70E8 /* UniflowUITests.swift in Sources */,
			);
			runOnlyForDeploymentPostprocessing = 0;
		};
/* End PBXSourcesBuildPhase section */

/* Begin PBXTargetDependency section */
		C31E3B84216661D4006C70E8 /* PBXTargetDependency */ = {
			isa = PBXTargetDependency;
			target = C31E3B6F216661D3006C70E8 /* Uniflow */;
			targetProxy = C31E3B83216661D4006C70E8 /* PBXContainerItemProxy */;
		};
		C31E3B8F216661D4006C70E8 /* PBXTargetDependency */ = {
			isa = PBXTargetDependency;
			target = C31E3B6F216661D3006C70E8 /* Uniflow */;
			targetProxy = C31E3B8E216661D4006C70E8 /* PBXContainerItemProxy */;
		};
/* End PBXTargetDependency section */

/* Begin PBXVariantGroup section */
		C31E3B79216661D4006C70E8 /* Main.storyboard */ = {
			isa = PBXVariantGroup;
			children = (
				C31E3B7A216661D4006C70E8 /* Base */,
			);
			name = Main.storyboard;
			sourceTree = "<group>";
		};
/* End PBXVariantGroup section */

/* Begin XCBuildConfiguration section */
		C31E3B94216661D4006C70E8 /* Debug */ = {
			isa = XCBuildConfiguration;
			buildSettings = {
				ALWAYS_SEARCH_USER_PATHS = NO;
				CLANG_ANALYZER_NONNULL = YES;
				CLANG_ANALYZER_NUMBER_OBJECT_CONVERSION = YES_AGGRESSIVE;
				CLANG_CXX_LANGUAGE_STANDARD = "gnu++14";
				CLANG_CXX_LIBRARY = "libc++";
				CLANG_ENABLE_MODULES = YES;
				CLANG_ENABLE_OBJC_ARC = YES;
				CLANG_WARN_BLOCK_CAPTURE_AUTORELEASING = YES;
				CLANG_WARN_BOOL_CONVERSION = YES;
				CLANG_WARN_COMMA = YES;
				CLANG_WARN_CONSTANT_CONVERSION = YES;
				CLANG_WARN_DIRECT_OBJC_ISA_USAGE = YES_ERROR;
				CLANG_WARN_DOCUMENTATION_COMMENTS = YES;
				CLANG_WARN_EMPTY_BODY = YES;
				CLANG_WARN_ENUM_CONVERSION = YES;
				CLANG_WARN_INFINITE_RECURSION = YES;
				CLANG_WARN_INT_CONVERSION = YES;
				CLANG_WARN_NON_LITERAL_NULL_CONVERSION = YES;
				CLANG_WARN_OBJC_LITERAL_CONVERSION = YES;
				CLANG_WARN_OBJC_ROOT_CLASS = YES_ERROR;
				CLANG_WARN_RANGE_LOOP_ANALYSIS = YES;
				CLANG_WARN_STRICT_PROTOTYPES = YES;
				CLANG_WARN_SUSPICIOUS_MOVE = YES;
				CLANG_WARN_UNGUARDED_AVAILABILITY = YES_AGGRESSIVE;
				CLANG_WARN_UNREACHABLE_CODE = YES;
				CLANG_WARN__DUPLICATE_METHOD_MATCH = YES;
				CODE_SIGN_IDENTITY = "-";
				COPY_PHASE_STRIP = NO;
				DEBUG_INFORMATION_FORMAT = dwarf;
				ENABLE_STRICT_OBJC_MSGSEND = YES;
				ENABLE_TESTABILITY = YES;
				GCC_C_LANGUAGE_STANDARD = gnu11;
				GCC_DYNAMIC_NO_PIC = NO;
				GCC_NO_COMMON_BLOCKS = YES;
				GCC_OPTIMIZATION_LEVEL = 0;
				GCC_PREPROCESSOR_DEFINITIONS = (
					"DEBUG=1",
					"$(inherited)",
				);
				GCC_WARN_64_TO_32_BIT_CONVERSION = YES;
				GCC_WARN_ABOUT_RETURN_TYPE = YES_ERROR;
				GCC_WARN_UNDECLARED_SELECTOR = YES;
				GCC_WARN_UNINITIALIZED_AUTOS = YES_AGGRESSIVE;
				GCC_WARN_UNUSED_FUNCTION = YES;
				GCC_WARN_UNUSED_VARIABLE = YES;
				MACOSX_DEPLOYMENT_TARGET = 10.13;
				MTL_ENABLE_DEBUG_INFO = YES;
				ONLY_ACTIVE_ARCH = YES;
				SDKROOT = macosx;
				SWIFT_ACTIVE_COMPILATION_CONDITIONS = DEBUG;
				SWIFT_OPTIMIZATION_LEVEL = "-Onone";
			};
			name = Debug;
		};
		C31E3B95216661D4006C70E8 /* Release */ = {
			isa = XCBuildConfiguration;
			buildSettings = {
				ALWAYS_SEARCH_USER_PATHS = NO;
				CLANG_ANALYZER_NONNULL = YES;
				CLANG_ANALYZER_NUMBER_OBJECT_CONVERSION = YES_AGGRESSIVE;
				CLANG_CXX_LANGUAGE_STANDARD = "gnu++14";
				CLANG_CXX_LIBRARY = "libc++";
				CLANG_ENABLE_MODULES = YES;
				CLANG_ENABLE_OBJC_ARC = YES;
				CLANG_WARN_BLOCK_CAPTURE_AUTORELEASING = YES;
				CLANG_WARN_BOOL_CONVERSION = YES;
				CLANG_WARN_COMMA = YES;
				CLANG_WARN_CONSTANT_CONVERSION = YES;
				CLANG_WARN_DIRECT_OBJC_ISA_USAGE = YES_ERROR;
				CLANG_WARN_DOCUMENTATION_COMMENTS = YES;
				CLANG_WARN_EMPTY_BODY = YES;
				CLANG_WARN_ENUM_CONVERSION = YES;
				CLANG_WARN_INFINITE_RECURSION = YES;
				CLANG_WARN_INT_CONVERSION = YES;
				CLANG_WARN_NON_LITERAL_NULL_CONVERSION = YES;
				CLANG_WARN_OBJC_LITERAL_CONVERSION = YES;
				CLANG_WARN_OBJC_ROOT_CLASS = YES_ERROR;
				CLANG_WARN_RANGE_LOOP_ANALYSIS = YES;
				CLANG_WARN_STRICT_PROTOTYPES = YES;
				CLANG_WARN_SUSPICIOUS_MOVE = YES;
				CLANG_WARN_UNGUARDED_AVAILABILITY = YES_AGGRESSIVE;
				CLANG_WARN_UNREACHABLE_CODE = YES;
				CLANG_WARN__DUPLICATE_METHOD_MATCH = YES;
				CODE_SIGN_IDENTITY = "-";
				COPY_PHASE_STRIP = NO;
				DEBUG_INFORMATION_FORMAT = "dwarf-with-dsym";
				ENABLE_NS_ASSERTIONS = NO;
				ENABLE_STRICT_OBJC_MSGSEND = YES;
				GCC_C_LANGUAGE_STANDARD = gnu11;
				GCC_NO_COMMON_BLOCKS = YES;
				GCC_WARN_64_TO_32_BIT_CONVERSION = YES;
				GCC_WARN_ABOUT_RETURN_TYPE = YES_ERROR;
				GCC_WARN_UNDECLARED_SELECTOR = YES;
				GCC_WARN_UNINITIALIZED_AUTOS = YES_AGGRESSIVE;
				GCC_WARN_UNUSED_FUNCTION = YES;
				GCC_WARN_UNUSED_VARIABLE = YES;
				MACOSX_DEPLOYMENT_TARGET = 10.13;
				MTL_ENABLE_DEBUG_INFO = NO;
				SDKROOT = macosx;
				SWIFT_OPTIMIZATION_LEVEL = "-Owholemodule";
			};
			name = Release;
		};
		C31E3B97216661D4006C70E8 /* Debug */ = {
			isa = XCBuildConfiguration;
			buildSettings = {
				ASSETCATALOG_COMPILER_APPICON_NAME = AppIcon;
				CODE_SIGN_ENTITLEMENTS = Uniflow/Uniflow.entitlements;
				CODE_SIGN_STYLE = Automatic;
				COMBINE_HIDPI_IMAGES = YES;
				INFOPLIST_FILE = Uniflow/Info.plist;
				LD_RUNPATH_SEARCH_PATHS = "$(inherited) @executable_path/../Frameworks";
				PRODUCT_BUNDLE_IDENTIFIER = darkwood.fr.Uniflow;
				PRODUCT_NAME = "$(TARGET_NAME)";
				SWIFT_VERSION = 4.0;
			};
			name = Debug;
		};
		C31E3B98216661D4006C70E8 /* Release */ = {
			isa = XCBuildConfiguration;
			buildSettings = {
				ASSETCATALOG_COMPILER_APPICON_NAME = AppIcon;
				CODE_SIGN_ENTITLEMENTS = Uniflow/Uniflow.entitlements;
				CODE_SIGN_STYLE = Automatic;
				COMBINE_HIDPI_IMAGES = YES;
				INFOPLIST_FILE = Uniflow/Info.plist;
				LD_RUNPATH_SEARCH_PATHS = "$(inherited) @executable_path/../Frameworks";
				PRODUCT_BUNDLE_IDENTIFIER = darkwood.fr.Uniflow;
				PRODUCT_NAME = "$(TARGET_NAME)";
				SWIFT_VERSION = 4.0;
			};
			name = Release;
		};
		C31E3B9A216661D4006C70E8 /* Debug */ = {
			isa = XCBuildConfiguration;
			buildSettings = {
				ALWAYS_EMBED_SWIFT_STANDARD_LIBRARIES = YES;
				BUNDLE_LOADER = "$(TEST_HOST)";
				CODE_SIGN_STYLE = Automatic;
				COMBINE_HIDPI_IMAGES = YES;
				INFOPLIST_FILE = UniflowTests/Info.plist;
				LD_RUNPATH_SEARCH_PATHS = "$(inherited) @executable_path/../Frameworks @loader_path/../Frameworks";
				PRODUCT_BUNDLE_IDENTIFIER = darkwood.fr.UniflowTests;
				PRODUCT_NAME = "$(TARGET_NAME)";
				SWIFT_VERSION = 4.0;
				TEST_HOST = "$(BUILT_PRODUCTS_DIR)/Uniflow.app/Contents/MacOS/Uniflow";
			};
			name = Debug;
		};
		C31E3B9B216661D4006C70E8 /* Release */ = {
			isa = XCBuildConfiguration;
			buildSettings = {
				ALWAYS_EMBED_SWIFT_STANDARD_LIBRARIES = YES;
				BUNDLE_LOADER = "$(TEST_HOST)";
				CODE_SIGN_STYLE = Automatic;
				COMBINE_HIDPI_IMAGES = YES;
				INFOPLIST_FILE = UniflowTests/Info.plist;
				LD_RUNPATH_SEARCH_PATHS = "$(inherited) @executable_path/../Frameworks @loader_path/../Frameworks";
				PRODUCT_BUNDLE_IDENTIFIER = darkwood.fr.UniflowTests;
				PRODUCT_NAME = "$(TARGET_NAME)";
				SWIFT_VERSION = 4.0;
				TEST_HOST = "$(BUILT_PRODUCTS_DIR)/Uniflow.app/Contents/MacOS/Uniflow";
			};
			name = Release;
		};
		C31E3B9D216661D4006C70E8 /* Debug */ = {
			isa = XCBuildConfiguration;
			buildSettings = {
				ALWAYS_EMBED_SWIFT_STANDARD_LIBRARIES = YES;
				CODE_SIGN_STYLE = Automatic;
				COMBINE_HIDPI_IMAGES = YES;
				INFOPLIST_FILE = UniflowUITests/Info.plist;
				LD_RUNPATH_SEARCH_PATHS = "$(inherited) @executable_path/../Frameworks @loader_path/../Frameworks";
				PRODUCT_BUNDLE_IDENTIFIER = darkwood.fr.UniflowUITests;
				PRODUCT_NAME = "$(TARGET_NAME)";
				SWIFT_VERSION = 4.0;
				TEST_TARGET_NAME = Uniflow;
			};
			name = Debug;
		};
		C31E3B9E216661D4006C70E8 /* Release */ = {
			isa = XCBuildConfiguration;
			buildSettings = {
				ALWAYS_EMBED_SWIFT_STANDARD_LIBRARIES = YES;
				CODE_SIGN_STYLE = Automatic;
				COMBINE_HIDPI_IMAGES = YES;
				INFOPLIST_FILE = UniflowUITests/Info.plist;
				LD_RUNPATH_SEARCH_PATHS = "$(inherited) @executable_path/../Frameworks @loader_path/../Frameworks";
				PRODUCT_BUNDLE_IDENTIFIER = darkwood.fr.UniflowUITests;
				PRODUCT_NAME = "$(TARGET_NAME)";
				SWIFT_VERSION = 4.0;
				TEST_TARGET_NAME = Uniflow;
			};
			name = Release;
		};
/* End XCBuildConfiguration section */

/* Begin XCConfigurationList section */
		C31E3B6B216661D3006C70E8 /* Build configuration list for PBXProject "Uniflow" */ = {
			isa = XCConfigurationList;
			buildConfigurations = (
				C31E3B94216661D4006C70E8 /* Debug */,
				C31E3B95216661D4006C70E8 /* Release */,
			);
			defaultConfigurationIsVisible = 0;
			defaultConfigurationName = Release;
		};
		C31E3B96216661D4006C70E8 /* Build configuration list for PBXNativeTarget "Uniflow" */ = {
			isa = XCConfigurationList;
			buildConfigurations = (
				C31E3B97216661D4006C70E8 /* Debug */,
				C31E3B98216661D4006C70E8 /* Release */,
			);
			defaultConfigurationIsVisible = 0;
			defaultConfigurationName = Release;
		};
		C31E3B99216661D4006C70E8 /* Build configuration list for PBXNativeTarget "UniflowTests" */ = {
			isa = XCConfigurationList;
			buildConfigurations = (
				C31E3B9A216661D4006C70E8 /* Debug */,
				C31E3B9B216661D4006C70E8 /* Release */,
			);
			defaultConfigurationIsVisible = 0;
			defaultConfigurationName = Release;
		};
		C31E3B9C216661D4006C70E8 /* Build configuration list for PBXNativeTarget "UniflowUITests" */ = {
			isa = XCConfigurationList;
			buildConfigurations = (
				C31E3B9D216661D4006C70E8 /* Debug */,
				C31E3B9E216661D4006C70E8 /* Release */,
			);
			defaultConfigurationIsVisible = 0;
			defaultConfigurationName = Release;
		};
/* End XCConfigurationList section */
	};
	rootObject = C31E3B68216661D3006C70E8 /* Project object */;
}
