# THIS IS AN AUTOGENERATED FILE. DO NOT EDIT THIS FILE DIRECTLY.
# yarn lockfile v1


child_process@^1.0.2:
  version "1.0.2"
  resolved "https://registry.yarnpkg.com/child_process/-/child_process-1.0.2.tgz#b1f7e7fc73d25e7fd1d455adc94e143830182b5a"

inherits@2.0.3:
  version "2.0.3"
  resolved "https://registry.yarnpkg.com/inherits/-/inherits-2.0.3.tgz#633c2c83e3da42a502f52466022480f4208261de"

util@^0.11.0:
  version "0.11.0"
  resolved "https://registry.yarnpkg.com/util/-/util-0.11.0.tgz#c5f391beb244103d799b21077a926fef8769e1fb"
  dependencies:
    inherits "2.0.3"
